
Microsoft Visual Studio Solution File, Format Version 12.00
# Visual Studio 15
VisualStudioVersion = 15.0.26430.6
MinimumVisualStudioVersion = 10.0.40219.1
Project("{9A19103F-16F7-4668-BE54-9A1E7A4F7556}") = "mele_contacts", "mele_contacts.csproj", "{2C80790D-2CC7-4F5C-9ED4-23E809F75D52}"
EndProject
Global
	GlobalSection(SolutionConfigurationPlatforms) = preSolution
		Debug|Any CPU = Debug|Any CPU
		Release|Any CPU = Release|Any CPU
	EndGlobalSection
	GlobalSection(ProjectConfigurationPlatforms) = postSolution
		{2C80790D-2CC7-4F5C-9ED4-23E809F75D52}.Debug|Any CPU.ActiveCfg = Debug|Any CPU
		{2C80790D-2CC7-4F5C-9ED4-23E809F75D52}.Debug|Any CPU.Build.0 = Debug|Any CPU
		{2C80790D-2CC7-4F5C-9ED4-23E809F75D52}.Release|Any CPU.ActiveCfg = Release|Any CPU
		{2C80790D-2CC7-4F5C-9ED4-23E809F75D52}.Release|Any CPU.Build.0 = Release|Any CPU
	EndGlobalSection
	GlobalSection(SolutionProperties) = preSolution
		HideSolutionNode = FALSE
	EndGlobalSection
EndGlobal
